// !$*UTF8*$!
{
	archiveVersion = 1;
	classes = {
	};
	objectVersion = 56;
	objects = {

/* Begin PBXBuildFile section */
		432E65822902CBBB009A36E6 /* LayoutProtocolExplorationsApp.swift in Sources */ = {isa = PBXBuildFile; fileRef = 432E65812902CBBB009A36E6 /* LayoutProtocolExplorationsApp.swift */; };
		432E65842902CBBB009A36E6 /* ContentView.swift in Sources */ = {isa = PBXBuildFile; fileRef = 432E65832902CBBB009A36E6 /* ContentView.swift */; };
		432E65862902CBBD009A36E6 /* Assets.xcassets in Resources */ = {isa = PBXBuildFile; fileRef = 432E65852902CBBD009A36E6 /* Assets.xcassets */; };
		432E65892902CBBD009A36E6 /* Preview Assets.xcassets in Resources */ = {isa = PBXBuildFile; fileRef = 432E65882902CBBD009A36E6 /* Preview Assets.xcassets */; };
		436C0C0E2902D58700D19E23 /* HeroPage.swift in Sources */ = {isa = PBXBuildFile; fileRef = 436C0C0D2902D58700D19E23 /* HeroPage.swift */; };
		436C0C112902D84400D19E23 /* BlobView.swift in Sources */ = {isa = PBXBuildFile; fileRef = 436C0C102902D84400D19E23 /* BlobView.swift */; };
		436C0C132902D86F00D19E23 /* Extensions.swift in Sources */ = {isa = PBXBuildFile; fileRef = 436C0C122902D86F00D19E23 /* Extensions.swift */; };
		436C0C152902D9ED00D19E23 /* Avatar.swift in Sources */ = {isa = PBXBuildFile; fileRef = 436C0C142902D9ED00D19E23 /* Avatar.swift */; };
		436C0C1A2902DB0D00D19E23 /* Food.swift in Sources */ = {isa = PBXBuildFile; fileRef = 436C0C192902DB0D00D19E23 /* Food.swift */; };
		436C0C1C2902DB1500D19E23 /* Model.swift in Sources */ = {isa = PBXBuildFile; fileRef = 436C0C1B2902DB1500D19E23 /* Model.swift */; };
		436C0C1F2902DF0700D19E23 /* MyRadialLayout.swift in Sources */ = {isa = PBXBuildFile; fileRef = 436C0C1E2902DF0700D19E23 /* MyRadialLayout.swift */; };
		436C0C222902DF3900D19E23 /* MyEqualWidthHStack.swift in Sources */ = {isa = PBXBuildFile; fileRef = 436C0C202902DF3900D19E23 /* MyEqualWidthHStack.swift */; };
		436C0C232902DF3900D19E23 /* MyEqualWidthVStack.swift in Sources */ = {isa = PBXBuildFile; fileRef = 436C0C212902DF3900D19E23 /* MyEqualWidthVStack.swift */; };
		436C0C252902DF8D00D19E23 /* RadialIcons.swift in Sources */ = {isa = PBXBuildFile; fileRef = 436C0C242902DF8D00D19E23 /* RadialIcons.swift */; };
		436C0C272902E89F00D19E23 /* buttonStack.swift in Sources */ = {isa = PBXBuildFile; fileRef = 436C0C262902E89F00D19E23 /* buttonStack.swift */; };
		436C0C292902EEB000D19E23 /* Test.swift in Sources */ = {isa = PBXBuildFile; fileRef = 436C0C282902EEB000D19E23 /* Test.swift */; };
		436C0C2B2902F95400D19E23 /* CustomTabBar.swift in Sources */ = {isa = PBXBuildFile; fileRef = 436C0C2A2902F95400D19E23 /* CustomTabBar.swift */; };
/* End PBXBuildFile section */

/* Begin PBXFileReference section */
		432E657E2902CBBA009A36E6 /* LayoutProtocolExplorations.app */ = {isa = PBXFileReference; explicitFileType = wrapper.application; includeInIndex = 0; path = LayoutProtocolExplorations.app; sourceTree = BUILT_PRODUCTS_DIR; };
		432E65812902CBBB009A36E6 /* LayoutProtocolExplorationsApp.swift */ = {isa = PBXFileReference; lastKnownFileType = sourcecode.swift; path = LayoutProtocolExplorationsApp.swift; sourceTree = "<group>"; };
		432E65832902CBBB009A36E6 /* ContentView.swift */ = {isa = PBXFileReference; lastKnownFileType = sourcecode.swift; path = ContentView.swift; sourceTree = "<group>"; };
		432E65852902CBBD009A36E6 /* Assets.xcassets */ = {isa = PBXFileReference; lastKnownFileType = folder.assetcatalog; path = Assets.xcassets; sourceTree = "<group>"; };
		432E65882902CBBD009A36E6 /* Preview Assets.xcassets */ = {isa = PBXFileReference; lastKnownFileType = folder.assetcatalog; path = "Preview Assets.xcassets"; sourceTree = "<group>"; };
		436C0C0D2902D58700D19E23 /* HeroPage.swift */ = {isa = PBXFileReference; lastKnownFileType = sourcecode.swift; path = HeroPage.swift; sourceTree = "<group>"; };
		436C0C102902D84400D19E23 /* BlobView.swift */ = {isa = PBXFileReference; lastKnownFileType = sourcecode.swift; path = BlobView.swift; sourceTree = "<group>"; };
		436C0C122902D86F00D19E23 /* Extensions.swift */ = {isa = PBXFileReference; lastKnownFileType = sourcecode.swift; path = Extensions.swift; sourceTree = "<group>"; };
		436C0C142902D9ED00D19E23 /* Avatar.swift */ = {isa = PBXFileReference; lastKnownFileType = sourcecode.swift; path = Avatar.swift; sourceTree = "<group>"; };
		436C0C192902DB0D00D19E23 /* Food.swift */ = {isa = PBXFileReference; fileEncoding = 4; lastKnownFileType = sourcecode.swift; path = Food.swift; sourceTree = "<group>"; };
		436C0C1B2902DB1500D19E23 /* Model.swift */ = {isa = PBXFileReference; lastKnownFileType = sourcecode.swift; path = Model.swift; sourceTree = "<group>"; };
		436C0C1E2902DF0700D19E23 /* MyRadialLayout.swift */ = {isa = PBXFileReference; lastKnownFileType = sourcecode.swift; path = MyRadialLayout.swift; sourceTree = "<group>"; };
		436C0C202902DF3900D19E23 /* MyEqualWidthHStack.swift */ = {isa = PBXFileReference; fileEncoding = 4; lastKnownFileType = sourcecode.swift; path = MyEqualWidthHStack.swift; sourceTree = "<group>"; };
		436C0C212902DF3900D19E23 /* MyEqualWidthVStack.swift */ = {isa = PBXFileReference; fileEncoding = 4; lastKnownFileType = sourcecode.swift; path = MyEqualWidthVStack.swift; sourceTree = "<group>"; };
		436C0C242902DF8D00D19E23 /* RadialIcons.swift */ = {isa = PBXFileReference; lastKnownFileType = sourcecode.swift; path = RadialIcons.swift; sourceTree = "<group>"; };
		436C0C262902E89F00D19E23 /* buttonStack.swift */ = {isa = PBXFileReference; lastKnownFileType = sourcecode.swift; path = buttonStack.swift; sourceTree = "<group>"; };
		436C0C282902EEB000D19E23 /* Test.swift */ = {isa = PBXFileReference; lastKnownFileType = sourcecode.swift; path = Test.swift; sourceTree = "<group>"; };
		436C0C2A2902F95400D19E23 /* CustomTabBar.swift */ = {isa = PBXFileReference; lastKnownFileType = sourcecode.swift; path = CustomTabBar.swift; sourceTree = "<group>"; };
/* End PBXFileReference section */

/* Begin PBXFrameworksBuildPhase section */
		432E657B2902CBBA009A36E6 /* Frameworks */ = {
			isa = PBXFrameworksBuildPhase;
			buildActionMask = 2147483647;
			files = (
			);
			runOnlyForDeploymentPostprocessing = 0;
		};
/* End PBXFrameworksBuildPhase section */

/* Begin PBXGroup section */
		432E65752902CBBA009A36E6 = {
			isa = PBXGroup;
			children = (
				432E65802902CBBB009A36E6 /* LayoutProtocolExplorations */,
				432E657F2902CBBB009A36E6 /* Products */,
			);
			sourceTree = "<group>";
		};
		432E657F2902CBBB009A36E6 /* Products */ = {
			isa = PBXGroup;
			children = (
				432E657E2902CBBA009A36E6 /* LayoutProtocolExplorations.app */,
			);
			name = Products;
			sourceTree = "<group>";
		};
		432E65802902CBBB009A36E6 /* LayoutProtocolExplorations */ = {
			isa = PBXGroup;
			children = (
				436C0C1D2902DE1A00D19E23 /* Layouts */,
				436C0C162902DA2100D19E23 /* Model */,
				436C0C0F2902D58A00D19E23 /* Views */,
				432E65812902CBBB009A36E6 /* LayoutProtocolExplorationsApp.swift */,
				432E65832902CBBB009A36E6 /* ContentView.swift */,
				432E65852902CBBD009A36E6 /* Assets.xcassets */,
				432E65872902CBBD009A36E6 /* Preview Content */,
				436C0C122902D86F00D19E23 /* Extensions.swift */,
			);
			path = LayoutProtocolExplorations;
			sourceTree = "<group>";
		};
		432E65872902CBBD009A36E6 /* Preview Content */ = {
			isa = PBXGroup;
			children = (
				432E65882902CBBD009A36E6 /* Preview Assets.xcassets */,
			);
			path = "Preview Content";
			sourceTree = "<group>";
		};
		436C0C0F2902D58A00D19E23 /* Views */ = {
			isa = PBXGroup;
			children = (
				436C0C0D2902D58700D19E23 /* HeroPage.swift */,
				436C0C102902D84400D19E23 /* BlobView.swift */,
				436C0C142902D9ED00D19E23 /* Avatar.swift */,
				436C0C242902DF8D00D19E23 /* RadialIcons.swift */,
				436C0C262902E89F00D19E23 /* buttonStack.swift */,
				436C0C282902EEB000D19E23 /* Test.swift */,
				436C0C2A2902F95400D19E23 /* CustomTabBar.swift */,
			);
			path = Views;
			sourceTree = "<group>";
		};
		436C0C162902DA2100D19E23 /* Model */ = {
			isa = PBXGroup;
			children = (
				436C0C192902DB0D00D19E23 /* Food.swift */,
				436C0C1B2902DB1500D19E23 /* Model.swift */,
			);
			path = Model;
			sourceTree = "<group>";
		};
		436C0C1D2902DE1A00D19E23 /* Layouts */ = {
			isa = PBXGroup;
			children = (
				436C0C202902DF3900D19E23 /* MyEqualWidthHStack.swift */,
				436C0C212902DF3900D19E23 /* MyEqualWidthVStack.swift */,
				436C0C1E2902DF0700D19E23 /* MyRadialLayout.swift */,
			);
			path = Layouts;
			sourceTree = "<group>";
		};
/* End PBXGroup section */

/* Begin PBXNativeTarget section */
		432E657D2902CBBA009A36E6 /* LayoutProtocolExplorations */ = {
			isa = PBXNativeTarget;
			buildConfigurationList = 432E658C2902CBBD009A36E6 /* Build configuration list for PBXNativeTarget "LayoutProtocolExplorations" */;
			buildPhases = (
				432E657A2902CBBA009A36E6 /* Sources */,
				432E657B2902CBBA009A36E6 /* Frameworks */,
				432E657C2902CBBA009A36E6 /* Resources */,
			);
			buildRules = (
			);
			dependencies = (
			);
			name = LayoutProtocolExplorations;
			productName = LayoutProtocolExplorations;
			productReference = 432E657E2902CBBA009A36E6 /* LayoutProtocolExplorations.app */;
			productType = "com.apple.product-type.application";
		};
/* End PBXNativeTarget section */

/* Begin PBXProject section */
		432E65762902CBBA009A36E6 /* Project object */ = {
			isa = PBXProject;
			attributes = {
				BuildIndependentTargetsInParallel = 1;
				LastSwiftUpdateCheck = 1400;
				LastUpgradeCheck = 1400;
				TargetAttributes = {
					432E657D2902CBBA009A36E6 = {
						CreatedOnToolsVersion = 14.0.1;
					};
				};
			};
			buildConfigurationList = 432E65792902CBBA009A36E6 /* Build configuration list for PBXProject "LayoutProtocolExplorations" */;
			compatibilityVersion = "Xcode 14.0";
			developmentRegion = en;
			hasScannedForEncodings = 0;
			knownRegions = (
				en,
				Base,
			);
			mainGroup = 432E65752902CBBA009A36E6;
			productRefGroup = 432E657F2902CBBB009A36E6 /* Products */;
			projectDirPath = "";
			projectRoot = "";
			targets = (
				432E657D2902CBBA009A36E6 /* LayoutProtocolExplorations */,
			);
		};
/* End PBXProject section */

/* Begin PBXResourcesBuildPhase section */
		432E657C2902CBBA009A36E6 /* Resources */ = {
			isa = PBXResourcesBuildPhase;
			buildActionMask = 2147483647;
			files = (
				432E65892902CBBD009A36E6 /* Preview Assets.xcassets in Resources */,
				432E65862902CBBD009A36E6 /* Assets.xcassets in Resources */,
			);
			runOnlyForDeploymentPostprocessing = 0;
		};
/* End PBXResourcesBuildPhase section */

/* Begin PBXSourcesBuildPhase section */
		432E657A2902CBBA009A36E6 /* Sources */ = {
			isa = PBXSourcesBuildPhase;
			buildActionMask = 2147483647;
			files = (
				436C0C1A2902DB0D00D19E23 /* Food.swift in Sources */,
				436C0C222902DF3900D19E23 /* MyEqualWidthHStack.swift in Sources */,
				436C0C152902D9ED00D19E23 /* Avatar.swift in Sources */,
				436C0C292902EEB000D19E23 /* Test.swift in Sources */,
				436C0C272902E89F00D19E23 /* buttonStack.swift in Sources */,
				436C0C132902D86F00D19E23 /* Extensions.swift in Sources */,
				436C0C0E2902D58700D19E23 /* HeroPage.swift in Sources */,
				436C0C252902DF8D00D19E23 /* RadialIcons.swift in Sources */,
				432E65842902CBBB009A36E6 /* ContentView.swift in Sources */,
				432E65822902CBBB009A36E6 /* LayoutProtocolExplorationsApp.swift in Sources */,
				436C0C112902D84400D19E23 /* BlobView.swift in Sources */,
				436C0C1C2902DB1500D19E23 /* Model.swift in Sources */,
				436C0C232902DF3900D19E23 /* MyEqualWidthVStack.swift in Sources */,
				436C0C1F2902DF0700D19E23 /* MyRadialLayout.swift in Sources */,
				436C0C2B2902F95400D19E23 /* CustomTabBar.swift in Sources */,
			);
			runOnlyForDeploymentPostprocessing = 0;
		};
/* End PBXSourcesBuildPhase section */

/* Begin XCBuildConfiguration section */
		432E658A2902CBBD009A36E6 /* Debug */ = {
			isa = XCBuildConfiguration;
			buildSettings = {
				ALWAYS_SEARCH_USER_PATHS = NO;
				CLANG_ANALYZER_NONNULL = YES;
				CLANG_ANALYZER_NUMBER_OBJECT_CONVERSION = YES_AGGRESSIVE;
				CLANG_CXX_LANGUAGE_STANDARD = "gnu++20";
				CLANG_ENABLE_MODULES = YES;
				CLANG_ENABLE_OBJC_ARC = YES;
				CLANG_ENABLE_OBJC_WEAK = YES;
				CLANG_WARN_BLOCK_CAPTURE_AUTORELEASING = YES;
				CLANG_WARN_BOOL_CONVERSION = YES;
				CLANG_WARN_COMMA = YES;
				CLANG_WARN_CONSTANT_CONVERSION = YES;
				CLANG_WARN_DEPRECATED_OBJC_IMPLEMENTATIONS = YES;
				CLANG_WARN_DIRECT_OBJC_ISA_USAGE = YES_ERROR;
				CLANG_WARN_DOCUMENTATION_COMMENTS = YES;
				CLANG_WARN_EMPTY_BODY = YES;
				CLANG_WARN_ENUM_CONVERSION = YES;
				CLANG_WARN_INFINITE_RECURSION = YES;
				CLANG_WARN_INT_CONVERSION = YES;
				CLANG_WARN_NON_LITERAL_NULL_CONVERSION = YES;
				CLANG_WARN_OBJC_IMPLICIT_RETAIN_SELF = YES;
				CLANG_WARN_OBJC_LITERAL_CONVERSION = YES;
				CLANG_WARN_OBJC_ROOT_CLASS = YES_ERROR;
				CLANG_WARN_QUOTED_INCLUDE_IN_FRAMEWORK_HEADER = YES;
				CLANG_WARN_RANGE_LOOP_ANALYSIS = YES;
				CLANG_WARN_STRICT_PROTOTYPES = YES;
				CLANG_WARN_SUSPICIOUS_MOVE = YES;
				CLANG_WARN_UNGUARDED_AVAILABILITY = YES_AGGRESSIVE;
				CLANG_WARN_UNREACHABLE_CODE = YES;
				CLANG_WARN__DUPLICATE_METHOD_MATCH = YES;
				COPY_PHASE_STRIP = NO;
				DEBUG_INFORMATION_FORMAT = dwarf;
				ENABLE_STRICT_OBJC_MSGSEND = YES;
				ENABLE_TESTABILITY = YES;
				GCC_C_LANGUAGE_STANDARD = gnu11;
				GCC_DYNAMIC_NO_PIC = NO;
				GCC_NO_COMMON_BLOCKS = YES;
				GCC_OPTIMIZATION_LEVEL = 0;
				GCC_PREPROCESSOR_DEFINITIONS = (
					"DEBUG=1",
					"$(inherited)",
				);
				GCC_WARN_64_TO_32_BIT_CONVERSION = YES;
				GCC_WARN_ABOUT_RETURN_TYPE = YES_ERROR;
				GCC_WARN_UNDECLARED_SELECTOR = YES;
				GCC_WARN_UNINITIALIZED_AUTOS = YES_AGGRESSIVE;
				GCC_WARN_UNUSED_FUNCTION = YES;
				GCC_WARN_UNUSED_VARIABLE = YES;
				IPHONEOS_DEPLOYMENT_TARGET = 16.0;
				MTL_ENABLE_DEBUG_INFO = INCLUDE_SOURCE;
				MTL_FAST_MATH = YES;
				ONLY_ACTIVE_ARCH = YES;
				SDKROOT = iphoneos;
				SWIFT_ACTIVE_COMPILATION_CONDITIONS = DEBUG;
				SWIFT_OPTIMIZATION_LEVEL = "-Onone";
			};
			name = Debug;
		};
		432E658B2902CBBD009A36E6 /* Release */ = {
			isa = XCBuildConfiguration;
			buildSettings = {
				ALWAYS_SEARCH_USER_PATHS = NO;
				CLANG_ANALYZER_NONNULL = YES;
				CLANG_ANALYZER_NUMBER_OBJECT_CONVERSION = YES_AGGRESSIVE;
				CLANG_CXX_LANGUAGE_STANDARD = "gnu++20";
				CLANG_ENABLE_MODULES = YES;
				CLANG_ENABLE_OBJC_ARC = YES;
				CLANG_ENABLE_OBJC_WEAK = YES;
				CLANG_WARN_BLOCK_CAPTURE_AUTORELEASING = YES;
				CLANG_WARN_BOOL_CONVERSION = YES;
				CLANG_WARN_COMMA = YES;
				CLANG_WARN_CONSTANT_CONVERSION = YES;
				CLANG_WARN_DEPRECATED_OBJC_IMPLEMENTATIONS = YES;
				CLANG_WARN_DIRECT_OBJC_ISA_USAGE = YES_ERROR;
				CLANG_WARN_DOCUMENTATION_COMMENTS = YES;
				CLANG_WARN_EMPTY_BODY = YES;
				CLANG_WARN_ENUM_CONVERSION = YES;
				CLANG_WARN_INFINITE_RECURSION = YES;
				CLANG_WARN_INT_CONVERSION = YES;
				CLANG_WARN_NON_LITERAL_NULL_CONVERSION = YES;
				CLANG_WARN_OBJC_IMPLICIT_RETAIN_SELF = YES;
				CLANG_WARN_OBJC_LITERAL_CONVERSION = YES;
				CLANG_WARN_OBJC_ROOT_CLASS = YES_ERROR;
				CLANG_WARN_QUOTED_INCLUDE_IN_FRAMEWORK_HEADER = YES;
				CLANG_WARN_RANGE_LOOP_ANALYSIS = YES;
				CLANG_WARN_STRICT_PROTOTYPES = YES;
				CLANG_WARN_SUSPICIOUS_MOVE = YES;
				CLANG_WARN_UNGUARDED_AVAILABILITY = YES_AGGRESSIVE;
				CLANG_WARN_UNREACHABLE_CODE = YES;
				CLANG_WARN__DUPLICATE_METHOD_MATCH = YES;
				COPY_PHASE_STRIP = NO;
				DEBUG_INFORMATION_FORMAT = "dwarf-with-dsym";
				ENABLE_NS_ASSERTIONS = NO;
				ENABLE_STRICT_OBJC_MSGSEND = YES;
				GCC_C_LANGUAGE_STANDARD = gnu11;
				GCC_NO_COMMON_BLOCKS = YES;
				GCC_WARN_64_TO_32_BIT_CONVERSION = YES;
				GCC_WARN_ABOUT_RETURN_TYPE = YES_ERROR;
				GCC_WARN_UNDECLARED_SELECTOR = YES;
				GCC_WARN_UNINITIALIZED_AUTOS = YES_AGGRESSIVE;
				GCC_WARN_UNUSED_FUNCTION = YES;
				GCC_WARN_UNUSED_VARIABLE = YES;
				IPHONEOS_DEPLOYMENT_TARGET = 16.0;
				MTL_ENABLE_DEBUG_INFO = NO;
				MTL_FAST_MATH = YES;
				SDKROOT = iphoneos;
				SWIFT_COMPILATION_MODE = wholemodule;
				SWIFT_OPTIMIZATION_LEVEL = "-O";
				VALIDATE_PRODUCT = YES;
			};
			name = Release;
		};
		432E658D2902CBBD009A36E6 /* Debug */ = {
			isa = XCBuildConfiguration;
			buildSettings = {
				ASSETCATALOG_COMPILER_APPICON_NAME = AppIcon;
				ASSETCATALOG_COMPILER_GLOBAL_ACCENT_COLOR_NAME = AccentColor;
				CODE_SIGN_STYLE = Automatic;
				CURRENT_PROJECT_VERSION = 1;
				DEVELOPMENT_ASSET_PATHS = "\"LayoutProtocolExplorations/Preview Content\"";
				DEVELOPMENT_TEAM = 8K52FAQ674;
				ENABLE_PREVIEWS = YES;
				GENERATE_INFOPLIST_FILE = YES;
				INFOPLIST_KEY_UIApplicationSceneManifest_Generation = YES;
				INFOPLIST_KEY_UIApplicationSupportsIndirectInputEvents = YES;
				INFOPLIST_KEY_UILaunchScreen_Generation = YES;
				INFOPLIST_KEY_UISupportedInterfaceOrientations_iPad = "UIInterfaceOrientationPortrait UIInterfaceOrientationPortraitUpsideDown UIInterfaceOrientationLandscapeLeft UIInterfaceOrientationLandscapeRight";
				INFOPLIST_KEY_UISupportedInterfaceOrientations_iPhone = "UIInterfaceOrientationPortrait UIInterfaceOrientationLandscapeLeft UIInterfaceOrientationLandscapeRight";
				LD_RUNPATH_SEARCH_PATHS = (
					"$(inherited)",
					"@executable_path/Frameworks",
				);
				MARKETING_VERSION = 1.0;
				PRODUCT_BUNDLE_IDENTIFIER = pae.LayoutProtocolExplorations;
				PRODUCT_NAME = "$(TARGET_NAME)";
				SWIFT_EMIT_LOC_STRINGS = YES;
				SWIFT_VERSION = 5.0;
				TARGETED_DEVICE_FAMILY = "1,2";
			};
			name = Debug;
		};
		432E658E2902CBBD009A36E6 /* Release */ = {
			isa = XCBuildConfiguration;
			buildSettings = {
				ASSETCATALOG_COMPILER_APPICON_NAME = AppIcon;
				ASSETCATALOG_COMPILER_GLOBAL_ACCENT_COLOR_NAME = AccentColor;
				CODE_SIGN_STYLE = Automatic;
				CURRENT_PROJECT_VERSION = 1;
				DEVELOPMENT_ASSET_PATHS = "\"LayoutProtocolExplorations/Preview Content\"";
				DEVELOPMENT_TEAM = 8K52FAQ674;
				ENABLE_PREVIEWS = YES;
				GENERATE_INFOPLIST_FILE = YES;
				INFOPLIST_KEY_UIApplicationSceneManifest_Generation = YES;
				INFOPLIST_KEY_UIApplicationSupportsIndirectInputEvents = YES;
				INFOPLIST_KEY_UILaunchScreen_Generation = YES;
				INFOPLIST_KEY_UISupportedInterfaceOrientations_iPad = "UIInterfaceOrientationPortrait UIInterfaceOrientationPortraitUpsideDown UIInterfaceOrientationLandscapeLeft UIInterfaceOrientationLandscapeRight";
				INFOPLIST_KEY_UISupportedInterfaceOrientations_iPhone = "UIInterfaceOrientationPortrait UIInterfaceOrientationLandscapeLeft UIInterfaceOrientationLandscapeRight";
				LD_RUNPATH_SEARCH_PATHS = (
					"$(inherited)",
					"@executable_path/Frameworks",
				);
				MARKETING_VERSION = 1.0;
				PRODUCT_BUNDLE_IDENTIFIER = pae.LayoutProtocolExplorations;
				PRODUCT_NAME = "$(TARGET_NAME)";
				SWIFT_EMIT_LOC_STRINGS = YES;
				SWIFT_VERSION = 5.0;
				TARGETED_DEVICE_FAMILY = "1,2";
			};
			name = Release;
		};
/* End XCBuildConfiguration section */

/* Begin XCConfigurationList section */
		432E65792902CBBA009A36E6 /* Build configuration list for PBXProject "LayoutProtocolExplorations" */ = {
			isa = XCConfigurationList;
			buildConfigurations = (
				432E658A2902CBBD009A36E6 /* Debug */,
				432E658B2902CBBD009A36E6 /* Release */,
			);
			defaultConfigurationIsVisible = 0;
			defaultConfigurationName = Release;
		};
		432E658C2902CBBD009A36E6 /* Build configuration list for PBXNativeTarget "LayoutProtocolExplorations" */ = {
			isa = XCConfigurationList;
			buildConfigurations = (
				432E658D2902CBBD009A36E6 /* Debug */,
				432E658E2902CBBD009A36E6 /* Release */,
			);
			defaultConfigurationIsVisible = 0;
			defaultConfigurationName = Release;
		};
/* End XCConfigurationList section */
	};
	rootObject = 432E65762902CBBA009A36E6 /* Project object */;
}
